// !$*UTF8*$!
{
	archiveVersion = 1;
	classes = {
	};
	objectVersion = 56;
	objects = {

/* Begin PBXBuildFile section */
		FA0833802B5024D30089CEC4 /* ToDoList_SwiftUIApp.swift in Sources */ = {isa = PBXBuildFile; fileRef = FA08337F2B5024D30089CEC4 /* ToDoList_SwiftUIApp.swift */; };
		FA0833842B5024D50089CEC4 /* Assets.xcassets in Resources */ = {isa = PBXBuildFile; fileRef = FA0833832B5024D50089CEC4 /* Assets.xcassets */; };
		FA0833872B5024D50089CEC4 /* Preview Assets.xcassets in Resources */ = {isa = PBXBuildFile; fileRef = FA0833862B5024D50089CEC4 /* Preview Assets.xcassets */; };
		FA08338F2B5025F90089CEC4 /* ListView.swift in Sources */ = {isa = PBXBuildFile; fileRef = FA08338E2B5025F90089CEC4 /* ListView.swift */; };
		FA0833912B5028000089CEC4 /* ListRowView.swift in Sources */ = {isa = PBXBuildFile; fileRef = FA0833902B5028000089CEC4 /* ListRowView.swift */; };
		FA0833932B502D1A0089CEC4 /* AddView.swift in Sources */ = {isa = PBXBuildFile; fileRef = FA0833922B502D1A0089CEC4 /* AddView.swift */; };
		FA0833962B50A1D70089CEC4 /* ItemModel.swift in Sources */ = {isa = PBXBuildFile; fileRef = FA0833952B50A1D70089CEC4 /* ItemModel.swift */; };
		FA0833992B50ABD30089CEC4 /* ListViewModel.swift in Sources */ = {isa = PBXBuildFile; fileRef = FA0833982B50ABD30089CEC4 /* ListViewModel.swift */; };
		FA08339D2B56B5AB0089CEC4 /* AddViewModel.swift in Sources */ = {isa = PBXBuildFile; fileRef = FA08339C2B56B5AB0089CEC4 /* AddViewModel.swift */; };
		FA08339F2B57F8210089CEC4 /* NoItemsView.swift in Sources */ = {isa = PBXBuildFile; fileRef = FA08339E2B57F8210089CEC4 /* NoItemsView.swift */; };
/* End PBXBuildFile section */

/* Begin PBXFileReference section */
		FA08337C2B5024D30089CEC4 /* ToDoList SwiftUI.app */ = {isa = PBXFileReference; explicitFileType = wrapper.application; includeInIndex = 0; path = "ToDoList SwiftUI.app"; sourceTree = BUILT_PRODUCTS_DIR; };
		FA08337F2B5024D30089CEC4 /* ToDoList_SwiftUIApp.swift */ = {isa = PBXFileReference; lastKnownFileType = sourcecode.swift; path = ToDoList_SwiftUIApp.swift; sourceTree = "<group>"; };
		FA0833832B5024D50089CEC4 /* Assets.xcassets */ = {isa = PBXFileReference; lastKnownFileType = folder.assetcatalog; path = Assets.xcassets; sourceTree = "<group>"; };
		FA0833862B5024D50089CEC4 /* Preview Assets.xcassets */ = {isa = PBXFileReference; lastKnownFileType = folder.assetcatalog; path = "Preview Assets.xcassets"; sourceTree = "<group>"; };
		FA08338E2B5025F90089CEC4 /* ListView.swift */ = {isa = PBXFileReference; lastKnownFileType = sourcecode.swift; path = ListView.swift; sourceTree = "<group>"; };
		FA0833902B5028000089CEC4 /* ListRowView.swift */ = {isa = PBXFileReference; lastKnownFileType = sourcecode.swift; path = ListRowView.swift; sourceTree = "<group>"; };
		FA0833922B502D1A0089CEC4 /* AddView.swift */ = {isa = PBXFileReference; lastKnownFileType = sourcecode.swift; path = AddView.swift; sourceTree = "<group>"; };
		FA0833952B50A1D70089CEC4 /* ItemModel.swift */ = {isa = PBXFileReference; lastKnownFileType = sourcecode.swift; path = ItemModel.swift; sourceTree = "<group>"; };
		FA0833982B50ABD30089CEC4 /* ListViewModel.swift */ = {isa = PBXFileReference; lastKnownFileType = sourcecode.swift; path = ListViewModel.swift; sourceTree = "<group>"; };
		FA08339C2B56B5AB0089CEC4 /* AddViewModel.swift */ = {isa = PBXFileReference; lastKnownFileType = sourcecode.swift; path = AddViewModel.swift; sourceTree = "<group>"; };
		FA08339E2B57F8210089CEC4 /* NoItemsView.swift */ = {isa = PBXFileReference; lastKnownFileType = sourcecode.swift; path = NoItemsView.swift; sourceTree = "<group>"; };
/* End PBXFileReference section */

/* Begin PBXFrameworksBuildPhase section */
		FA0833792B5024D30089CEC4 /* Frameworks */ = {
			isa = PBXFrameworksBuildPhase;
			buildActionMask = 2147483647;
			files = (
			);
			runOnlyForDeploymentPostprocessing = 0;
		};
/* End PBXFrameworksBuildPhase section */

/* Begin PBXGroup section */
		FA0833732B5024D30089CEC4 = {
			isa = PBXGroup;
			children = (
				FA08337E2B5024D30089CEC4 /* ToDoList SwiftUI */,
				FA08337D2B5024D30089CEC4 /* Products */,
			);
			sourceTree = "<group>";
		};
		FA08337D2B5024D30089CEC4 /* Products */ = {
			isa = PBXGroup;
			children = (
				FA08337C2B5024D30089CEC4 /* ToDoList SwiftUI.app */,
			);
			name = Products;
			sourceTree = "<group>";
		};
		FA08337E2B5024D30089CEC4 /* ToDoList SwiftUI */ = {
			isa = PBXGroup;
			children = (
				FA08337F2B5024D30089CEC4 /* ToDoList_SwiftUIApp.swift */,
				FA0833942B50A1B70089CEC4 /* Model */,
				FA0833972B50A9CA0089CEC4 /* ViewModel */,
				FA08338D2B5025EA0089CEC4 /* Views */,
				FA0833832B5024D50089CEC4 /* Assets.xcassets */,
				FA0833852B5024D50089CEC4 /* Preview Content */,
			);
			path = "ToDoList SwiftUI";
			sourceTree = "<group>";
		};
		FA0833852B5024D50089CEC4 /* Preview Content */ = {
			isa = PBXGroup;
			children = (
				FA0833862B5024D50089CEC4 /* Preview Assets.xcassets */,
			);
			path = "Preview Content";
			sourceTree = "<group>";
		};
		FA08338D2B5025EA0089CEC4 /* Views */ = {
			isa = PBXGroup;
			children = (
				FA08338E2B5025F90089CEC4 /* ListView.swift */,
				FA08339E2B57F8210089CEC4 /* NoItemsView.swift */,
				FA0833902B5028000089CEC4 /* ListRowView.swift */,
				FA0833922B502D1A0089CEC4 /* AddView.swift */,
			);
			path = Views;
			sourceTree = "<group>";
		};
		FA0833942B50A1B70089CEC4 /* Model */ = {
			isa = PBXGroup;
			children = (
				FA0833952B50A1D70089CEC4 /* ItemModel.swift */,
			);
			path = Model;
			sourceTree = "<group>";
		};
		FA0833972B50A9CA0089CEC4 /* ViewModel */ = {
			isa = PBXGroup;
			children = (
				FA0833982B50ABD30089CEC4 /* ListViewModel.swift */,
				FA08339C2B56B5AB0089CEC4 /* AddViewModel.swift */,
			);
			path = ViewModel;
			sourceTree = "<group>";
		};
/* End PBXGroup section */

/* Begin PBXNativeTarget section */
		FA08337B2B5024D30089CEC4 /* ToDoList SwiftUI */ = {
			isa = PBXNativeTarget;
			buildConfigurationList = FA08338A2B5024D50089CEC4 /* Build configuration list for PBXNativeTarget "ToDoList SwiftUI" */;
			buildPhases = (
				FA0833782B5024D30089CEC4 /* Sources */,
				FA0833792B5024D30089CEC4 /* Frameworks */,
				FA08337A2B5024D30089CEC4 /* Resources */,
			);
			buildRules = (
			);
			dependencies = (
			);
			name = "ToDoList SwiftUI";
			productName = "ToDoList SwiftUI";
			productReference = FA08337C2B5024D30089CEC4 /* ToDoList SwiftUI.app */;
			productType = "com.apple.product-type.application";
		};
/* End PBXNativeTarget section */

/* Begin PBXProject section */
		FA0833742B5024D30089CEC4 /* Project object */ = {
			isa = PBXProject;
			attributes = {
				BuildIndependentTargetsInParallel = 1;
				LastSwiftUpdateCheck = 1520;
				LastUpgradeCheck = 1520;
				TargetAttributes = {
					FA08337B2B5024D30089CEC4 = {
						CreatedOnToolsVersion = 15.2;
					};
				};
			};
			buildConfigurationList = FA0833772B5024D30089CEC4 /* Build configuration list for PBXProject "ToDoList SwiftUI" */;
			compatibilityVersion = "Xcode 14.0";
			developmentRegion = en;
			hasScannedForEncodings = 0;
			knownRegions = (
				en,
				Base,
			);
			mainGroup = FA0833732B5024D30089CEC4;
			productRefGroup = FA08337D2B5024D30089CEC4 /* Products */;
			projectDirPath = "";
			projectRoot = "";
			targets = (
				FA08337B2B5024D30089CEC4 /* ToDoList SwiftUI */,
			);
		};
/* End PBXProject section */

/* Begin PBXResourcesBuildPhase section */
		FA08337A2B5024D30089CEC4 /* Resources */ = {
			isa = PBXResourcesBuildPhase;
			buildActionMask = 2147483647;
			files = (
				FA0833872B5024D50089CEC4 /* Preview Assets.xcassets in Resources */,
				FA0833842B5024D50089CEC4 /* Assets.xcassets in Resources */,
			);
			runOnlyForDeploymentPostprocessing = 0;
		};
/* End PBXResourcesBuildPhase section */

/* Begin PBXSourcesBuildPhase section */
		FA0833782B5024D30089CEC4 /* Sources */ = {
			isa = PBXSourcesBuildPhase;
			buildActionMask = 2147483647;
			files = (
				FA0833962B50A1D70089CEC4 /* ItemModel.swift in Sources */,
				FA0833932B502D1A0089CEC4 /* AddView.swift in Sources */,
				FA08339D2B56B5AB0089CEC4 /* AddViewModel.swift in Sources */,
				FA0833992B50ABD30089CEC4 /* ListViewModel.swift in Sources */,
				FA0833802B5024D30089CEC4 /* ToDoList_SwiftUIApp.swift in Sources */,
				FA08338F2B5025F90089CEC4 /* ListView.swift in Sources */,
				FA08339F2B57F8210089CEC4 /* NoItemsView.swift in Sources */,
				FA0833912B5028000089CEC4 /* ListRowView.swift in Sources */,
			);
			runOnlyForDeploymentPostprocessing = 0;
		};
/* End PBXSourcesBuildPhase section */

/* Begin XCBuildConfiguration section */
		FA0833882B5024D50089CEC4 /* Debug */ = {
			isa = XCBuildConfiguration;
			buildSettings = {
				ALWAYS_SEARCH_USER_PATHS = NO;
				ASSETCATALOG_COMPILER_GENERATE_SWIFT_ASSET_SYMBOL_EXTENSIONS = YES;
				CLANG_ANALYZER_NONNULL = YES;
				CLANG_ANALYZER_NUMBER_OBJECT_CONVERSION = YES_AGGRESSIVE;
				CLANG_CXX_LANGUAGE_STANDARD = "gnu++20";
				CLANG_ENABLE_MODULES = YES;
				CLANG_ENABLE_OBJC_ARC = YES;
				CLANG_ENABLE_OBJC_WEAK = YES;
				CLANG_WARN_BLOCK_CAPTURE_AUTORELEASING = YES;
				CLANG_WARN_BOOL_CONVERSION = YES;
				CLANG_WARN_COMMA = YES;
				CLANG_WARN_CONSTANT_CONVERSION = YES;
				CLANG_WARN_DEPRECATED_OBJC_IMPLEMENTATIONS = YES;
				CLANG_WARN_DIRECT_OBJC_ISA_USAGE = YES_ERROR;
				CLANG_WARN_DOCUMENTATION_COMMENTS = YES;
				CLANG_WARN_EMPTY_BODY = YES;
				CLANG_WARN_ENUM_CONVERSION = YES;
				CLANG_WARN_INFINITE_RECURSION = YES;
				CLANG_WARN_INT_CONVERSION = YES;
				CLANG_WARN_NON_LITERAL_NULL_CONVERSION = YES;
				CLANG_WARN_OBJC_IMPLICIT_RETAIN_SELF = YES;
				CLANG_WARN_OBJC_LITERAL_CONVERSION = YES;
				CLANG_WARN_OBJC_ROOT_CLASS = YES_ERROR;
				CLANG_WARN_QUOTED_INCLUDE_IN_FRAMEWORK_HEADER = YES;
				CLANG_WARN_RANGE_LOOP_ANALYSIS = YES;
				CLANG_WARN_STRICT_PROTOTYPES = YES;
				CLANG_WARN_SUSPICIOUS_MOVE = YES;
				CLANG_WARN_UNGUARDED_AVAILABILITY = YES_AGGRESSIVE;
				CLANG_WARN_UNREACHABLE_CODE = YES;
				CLANG_WARN__DUPLICATE_METHOD_MATCH = YES;
				COPY_PHASE_STRIP = NO;
				DEBUG_INFORMATION_FORMAT = dwarf;
				ENABLE_STRICT_OBJC_MSGSEND = YES;
				ENABLE_TESTABILITY = YES;
				ENABLE_USER_SCRIPT_SANDBOXING = YES;
				GCC_C_LANGUAGE_STANDARD = gnu17;
				GCC_DYNAMIC_NO_PIC = NO;
				GCC_NO_COMMON_BLOCKS = YES;
				GCC_OPTIMIZATION_LEVEL = 0;
				GCC_PREPROCESSOR_DEFINITIONS = (
					"DEBUG=1",
					"$(inherited)",
				);
				GCC_WARN_64_TO_32_BIT_CONVERSION = YES;
				GCC_WARN_ABOUT_RETURN_TYPE = YES_ERROR;
				GCC_WARN_UNDECLARED_SELECTOR = YES;
				GCC_WARN_UNINITIALIZED_AUTOS = YES_AGGRESSIVE;
				GCC_WARN_UNUSED_FUNCTION = YES;
				GCC_WARN_UNUSED_VARIABLE = YES;
				IPHONEOS_DEPLOYMENT_TARGET = 17.2;
				LOCALIZATION_PREFERS_STRING_CATALOGS = YES;
				MTL_ENABLE_DEBUG_INFO = INCLUDE_SOURCE;
				MTL_FAST_MATH = YES;
				ONLY_ACTIVE_ARCH = YES;
				SDKROOT = iphoneos;
				SWIFT_ACTIVE_COMPILATION_CONDITIONS = "DEBUG $(inherited)";
				SWIFT_OPTIMIZATION_LEVEL = "-Onone";
			};
			name = Debug;
		};
		FA0833892B5024D50089CEC4 /* Release */ = {
			isa = XCBuildConfiguration;
			buildSettings = {
				ALWAYS_SEARCH_USER_PATHS = NO;
				ASSETCATALOG_COMPILER_GENERATE_SWIFT_ASSET_SYMBOL_EXTENSIONS = YES;
				CLANG_ANALYZER_NONNULL = YES;
				CLANG_ANALYZER_NUMBER_OBJECT_CONVERSION = YES_AGGRESSIVE;
				CLANG_CXX_LANGUAGE_STANDARD = "gnu++20";
				CLANG_ENABLE_MODULES = YES;
				CLANG_ENABLE_OBJC_ARC = YES;
				CLANG_ENABLE_OBJC_WEAK = YES;
				CLANG_WARN_BLOCK_CAPTURE_AUTORELEASING = YES;
				CLANG_WARN_BOOL_CONVERSION = YES;
				CLANG_WARN_COMMA = YES;
				CLANG_WARN_CONSTANT_CONVERSION = YES;
				CLANG_WARN_DEPRECATED_OBJC_IMPLEMENTATIONS = YES;
				CLANG_WARN_DIRECT_OBJC_ISA_USAGE = YES_ERROR;
				CLANG_WARN_DOCUMENTATION_COMMENTS = YES;
				CLANG_WARN_EMPTY_BODY = YES;
				CLANG_WARN_ENUM_CONVERSION = YES;
				CLANG_WARN_INFINITE_RECURSION = YES;
				CLANG_WARN_INT_CONVERSION = YES;
				CLANG_WARN_NON_LITERAL_NULL_CONVERSION = YES;
				CLANG_WARN_OBJC_IMPLICIT_RETAIN_SELF = YES;
				CLANG_WARN_OBJC_LITERAL_CONVERSION = YES;
				CLANG_WARN_OBJC_ROOT_CLASS = YES_ERROR;
				CLANG_WARN_QUOTED_INCLUDE_IN_FRAMEWORK_HEADER = YES;
				CLANG_WARN_RANGE_LOOP_ANALYSIS = YES;
				CLANG_WARN_STRICT_PROTOTYPES = YES;
				CLANG_WARN_SUSPICIOUS_MOVE = YES;
				CLANG_WARN_UNGUARDED_AVAILABILITY = YES_AGGRESSIVE;
				CLANG_WARN_UNREACHABLE_CODE = YES;
				CLANG_WARN__DUPLICATE_METHOD_MATCH = YES;
				COPY_PHASE_STRIP = NO;
				DEBUG_INFORMATION_FORMAT = "dwarf-with-dsym";
				ENABLE_NS_ASSERTIONS = NO;
				ENABLE_STRICT_OBJC_MSGSEND = YES;
				ENABLE_USER_SCRIPT_SANDBOXING = YES;
				GCC_C_LANGUAGE_STANDARD = gnu17;
				GCC_NO_COMMON_BLOCKS = YES;
				GCC_WARN_64_TO_32_BIT_CONVERSION = YES;
				GCC_WARN_ABOUT_RETURN_TYPE = YES_ERROR;
				GCC_WARN_UNDECLARED_SELECTOR = YES;
				GCC_WARN_UNINITIALIZED_AUTOS = YES_AGGRESSIVE;
				GCC_WARN_UNUSED_FUNCTION = YES;
				GCC_WARN_UNUSED_VARIABLE = YES;
				IPHONEOS_DEPLOYMENT_TARGET = 17.2;
				LOCALIZATION_PREFERS_STRING_CATALOGS = YES;
				MTL_ENABLE_DEBUG_INFO = NO;
				MTL_FAST_MATH = YES;
				SDKROOT = iphoneos;
				SWIFT_COMPILATION_MODE = wholemodule;
				VALIDATE_PRODUCT = YES;
			};
			name = Release;
		};
		FA08338B2B5024D50089CEC4 /* Debug */ = {
			isa = XCBuildConfiguration;
			buildSettings = {
				ASSETCATALOG_COMPILER_APPICON_NAME = AppIcon;
				ASSETCATALOG_COMPILER_GLOBAL_ACCENT_COLOR_NAME = AccentColor;
				CODE_SIGN_STYLE = Automatic;
				CURRENT_PROJECT_VERSION = 1;
				DEVELOPMENT_ASSET_PATHS = "\"ToDoList SwiftUI/Preview Content\"";
				ENABLE_PREVIEWS = YES;
				GENERATE_INFOPLIST_FILE = YES;
				INFOPLIST_KEY_UIApplicationSceneManifest_Generation = YES;
				INFOPLIST_KEY_UIApplicationSupportsIndirectInputEvents = YES;
				INFOPLIST_KEY_UILaunchScreen_Generation = YES;
				INFOPLIST_KEY_UISupportedInterfaceOrientations_iPad = "UIInterfaceOrientationPortrait UIInterfaceOrientationPortraitUpsideDown UIInterfaceOrientationLandscapeLeft UIInterfaceOrientationLandscapeRight";
				INFOPLIST_KEY_UISupportedInterfaceOrientations_iPhone = "UIInterfaceOrientationPortrait UIInterfaceOrientationLandscapeLeft UIInterfaceOrientationLandscapeRight";
				LD_RUNPATH_SEARCH_PATHS = (
					"$(inherited)",
					"@executable_path/Frameworks",
				);
				MARKETING_VERSION = 1.0;
				PRODUCT_BUNDLE_IDENTIFIER = "murad.ToDoList-SwiftUI";
				PRODUCT_NAME = "$(TARGET_NAME)";
				SWIFT_EMIT_LOC_STRINGS = YES;
				SWIFT_VERSION = 5.0;
				TARGETED_DEVICE_FAMILY = "1,2";
			};
			name = Debug;
		};
		FA08338C2B5024D50089CEC4 /* Release */ = {
			isa = XCBuildConfiguration;
			buildSettings = {
				ASSETCATALOG_COMPILER_APPICON_NAME = AppIcon;
				ASSETCATALOG_COMPILER_GLOBAL_ACCENT_COLOR_NAME = AccentColor;
				CODE_SIGN_STYLE = Automatic;
				CURRENT_PROJECT_VERSION = 1;
				DEVELOPMENT_ASSET_PATHS = "\"ToDoList SwiftUI/Preview Content\"";
				ENABLE_PREVIEWS = YES;
				GENERATE_INFOPLIST_FILE = YES;
				INFOPLIST_KEY_UIApplicationSceneManifest_Generation = YES;
				INFOPLIST_KEY_UIApplicationSupportsIndirectInputEvents = YES;
				INFOPLIST_KEY_UILaunchScreen_Generation = YES;
				INFOPLIST_KEY_UISupportedInterfaceOrientations_iPad = "UIInterfaceOrientationPortrait UIInterfaceOrientationPortraitUpsideDown UIInterfaceOrientationLandscapeLeft UIInterfaceOrientationLandscapeRight";
				INFOPLIST_KEY_UISupportedInterfaceOrientations_iPhone = "UIInterfaceOrientationPortrait UIInterfaceOrientationLandscapeLeft UIInterfaceOrientationLandscapeRight";
				LD_RUNPATH_SEARCH_PATHS = (
					"$(inherited)",
					"@executable_path/Frameworks",
				);
				MARKETING_VERSION = 1.0;
				PRODUCT_BUNDLE_IDENTIFIER = "murad.ToDoList-SwiftUI";
				PRODUCT_NAME = "$(TARGET_NAME)";
				SWIFT_EMIT_LOC_STRINGS = YES;
				SWIFT_VERSION = 5.0;
				TARGETED_DEVICE_FAMILY = "1,2";
			};
			name = Release;
		};
/* End XCBuildConfiguration section */

/* Begin XCConfigurationList section */
		FA0833772B5024D30089CEC4 /* Build configuration list for PBXProject "ToDoList SwiftUI" */ = {
			isa = XCConfigurationList;
			buildConfigurations = (
				FA0833882B5024D50089CEC4 /* Debug */,
				FA0833892B5024D50089CEC4 /* Release */,
			);
			defaultConfigurationIsVisible = 0;
			defaultConfigurationName = Release;
		};
		FA08338A2B5024D50089CEC4 /* Build configuration list for PBXNativeTarget "ToDoList SwiftUI" */ = {
			isa = XCConfigurationList;
			buildConfigurations = (
				FA08338B2B5024D50089CEC4 /* Debug */,
				FA08338C2B5024D50089CEC4 /* Release */,
			);
			defaultConfigurationIsVisible = 0;
			defaultConfigurationName = Release;
		};
/* End XCConfigurationList section */
	};
	rootObject = FA0833742B5024D30089CEC4 /* Project object */;
}
